{
  "name": "codekit-project",
  "version": "1.0.0",
  "lockfileVersion": 1,
  "requires": true,
  "dependencies": {
    "@popperjs/core": {
      "version": "2.11.6",
      "resolved": "https://registry.npmjs.org/@popperjs/core/-/core-2.11.6.tgz",
      "integrity": "sha512-50/17A98tWUfQ176raKiOGXuYpLyyVMkxxG6oylzL3BPOlA6ADGdK7EYunSa4I064xerltq9TGXs8HmOk5E+vw=="
    },
    "bootstrap": {
      "version": "5.2.3",
      "resolved": "https://registry.npmjs.org/bootstrap/-/bootstrap-5.2.3.tgz",
      "integrity": "sha512-cEKPM+fwb3cT8NzQZYEu4HilJ3anCrWqh3CHAok1p9jXqMPsPTBhU25fBckEJHJ/p+tTxTFTsFQGM+gaHpi3QQ=="
    },
    "in-view": {
      "version": "0.6.1",
      "resolved": "https://registry.npmjs.org/in-view/-/in-view-0.6.1.tgz",
      "integrity": "sha1-+fmbXVpv4BNZ2eGcVwMCoxIbr0I=",
      "requires": {
        "lodash": "^4.15.0"
      }
    },
    "jquery": {
      "version": "3.6.1",
      "resolved": "https://registry.npmjs.org/jquery/-/jquery-3.6.1.tgz",
      "integrity": "sha512-opJeO4nCucVnsjiXOE+/PcCgYw9Gwpvs/a6B1LL/lQhwWwpbVEVYDZ1FokFr8PRc7ghYlrFPuyHuiiDNTQxmcw=="
    },
    "lity": {
      "version": "2.4.1",
      "resolved": "https://registry.npmjs.org/lity/-/lity-2.4.1.tgz",
      "integrity": "sha512-SVCYf+urp9tgGITi8RIJlzl6cMH6/gl16vkwOscLzN+5I1+/vxYbypbWMeHmbYCwGflq35bcvtzh6RxROWjSTw=="
    },
    "lodash": {
      "version": "4.17.21",
      "resolved": "https://registry.npmjs.org/lodash/-/lodash-4.17.21.tgz",
      "integrity": "sha512-v2kDEe57lecTulaDIuNTPy3Ry4gLGJ6Z1O3vE1krgXZNrsQ+LFTGHVxVjcXPs17LhbZVGedAJv8XZ1tvj5FvSg=="
    },
    "mark.js": {
      "version": "8.11.1",
      "resolved": "https://registry.npmjs.org/mark.js/-/mark.js-8.11.1.tgz",
      "integrity": "sha512-1I+1qpDt4idfgLQG+BNWmrqku+7/2bi5nLf4YwF8y8zXvmfiTBY3PV3ZibfrjBueCByROpuBjLLFCajqkgYoLQ=="
    },
    "matchheight": {
      "version": "0.1.2",
      "resolved": "https://registry.npmjs.org/matchheight/-/matchheight-0.1.2.tgz",
      "integrity": "sha512-LNb9lwOxWa5osBU96kDA2cONRtAz15tm2Cjpm1PxeJVNyi17VKpDH6JlC3b4XaFxYKKrQd6zQzYfEaChZrQDMw=="
    },
    "simple-parallax-js": {
      "version": "5.6.2",
      "resolved": "https://registry.npmjs.org/simple-parallax-js/-/simple-parallax-js-5.6.2.tgz",
      "integrity": "sha512-qJPZgg37BstDyvNqONU1YffiJ9P5n4B9IPl5h3kzZ2oEinTRwy1syxfEwTMLXYFHAFCRWXUcWD8yBnVcp8nxdA=="
    },
    "slick-carousel": {
      "version": "1.8.1",
      "resolved": "https://registry.npmjs.org/slick-carousel/-/slick-carousel-1.8.1.tgz",
      "integrity": "sha512-XB9Ftrf2EEKfzoQXt3Nitrt/IPbT+f1fgqBdoxO3W/+JYvtEOW6EgxnWfr9GH6nmULv7Y2tPmEX3koxThVmebA=="
    }
  }
}
